github.com/jpanther/congo/v2 v2.5.2 h1:cSM6cnBfbsSN9uYIKXjnyudZDWK+OWWVPVlFmkQQSGE=
github.com/jpanther/congo/v2 v2.5.2/go.mod h1:1S7DRoO1ZYS4YUdFd1LjTkdyjQwsjFWd8TqSfz3Jd+M=
gitlab.com/kaushalmodi/hugo-mwe-theme v0.1.1 h1:FyTp43CJRpBfoHyWnwQFx//cipgP6xQ9/uucj+qjj1U=
gitlab.com/kaushalmodi/hugo-mwe-theme v0.1.1/go.mod h1:vvq0r/SfKMbiPbyqL4YottSOkpCkBSosqGRm82aDNrU=
